Microsoft Visual Studio Solution File, Format Version 12.00
# Visual Studio Version 17
VisualStudioVersion = 17.6.33815.320
MinimumVisualStudioVersion = 10.0.40219.1
Project("{9A19103F-16F7-4668-BE54-9A1E7A4F7556}") = "DataAccessLayer", "DataAccessLayer\DataAccessLayer.csproj", "{2173A2E9-7A6A-4272-B268-85BF30AF2569}"
EndProject
Project("{9A19103F-16F7-4668-BE54-9A1E7A4F7556}") = "CoreLayer", "CoreLayer\CoreLayer.csproj", "{DB7CFB65-FD31-4CB3-BCE2-2D163D0EF77E}"
EndProject
Project("{9A19103F-16F7-4668-BE54-9A1E7A4F7556}") = "BusinessLayer", "BusinessLayer\BusinessLayer.csproj", "{8C590BF3-947B-4B1E-95B2-016813326A69}"
EndProject
Project("{9A19103F-16F7-4668-BE54-9A1E7A4F7556}") = "EntityLayer", "EntityLayer\EntityLayer.csproj", "{B35609A0-DF11-427A-B9B6-EC78B1E6D8CF}"
EndProject
Project("{9A19103F-16F7-4668-BE54-9A1E7A4F7556}") = "MiddlewareLayer", "MiddlewareLayer\MiddlewareLayer.csproj", "{5A00017D-DE46-4232-9B84-28D2B34E235C}"
EndProject
Project("{9A19103F-16F7-4668-BE54-9A1E7A4F7556}") = "ApiLayer", "ApiLayer\ApiLayer.csproj", "{4A0127F8-104A-4466-BE67-C9B2D2CF35B7}"
EndProject
Project("{9A19103F-16F7-4668-BE54-9A1E7A4F7556}") = "AttributeExtensionLayer", "AttributeExtensionLayer\AttributeExtensionLayer.csproj", "{93374E24-BA04-482D-9280-6B84AA21910A}"
EndProject
Project("{FAE04EC0-301F-11D3-BF4B-00C04F79EFBC}") = "TechnologySystemWebUI", "TechnologySystemWebUI\TechnologySystemWebUI.csproj", "{DE16EBF8-8575-4771-8609-9FD1CCD53024}"
EndProject
Global
	GlobalSection(SolutionConfigurationPlatforms) = preSolution
		Debug|Any CPU = Debug|Any CPU
		Release|Any CPU = Release|Any CPU
	EndGlobalSection
	GlobalSection(ProjectConfigurationPlatforms) = postSolution
		{2173A2E9-7A6A-4272-B268-85BF30AF2569}.Debug|Any CPU.ActiveCfg = Debug|Any CPU
		{2173A2E9-7A6A-4272-B268-85BF30AF2569}.Debug|Any CPU.Build.0 = Debug|Any CPU
		{2173A2E9-7A6A-4272-B268-85BF30AF2569}.Release|Any CPU.ActiveCfg = Release|Any CPU
		{2173A2E9-7A6A-4272-B268-85BF30AF2569}.Release|Any CPU.Build.0 = Release|Any CPU
		{DB7CFB65-FD31-4CB3-BCE2-2D163D0EF77E}.Debug|Any CPU.ActiveCfg = Debug|Any CPU
		{DB7CFB65-FD31-4CB3-BCE2-2D163D0EF77E}.Debug|Any CPU.Build.0 = Debug|Any CPU
		{DB7CFB65-FD31-4CB3-BCE2-2D163D0EF77E}.Release|Any CPU.ActiveCfg = Release|Any CPU
		{DB7CFB65-FD31-4CB3-BCE2-2D163D0EF77E}.Release|Any CPU.Build.0 = Release|Any CPU
		{8C590BF3-947B-4B1E-95B2-016813326A69}.Debug|Any CPU.ActiveCfg = Debug|Any CPU
		{8C590BF3-947B-4B1E-95B2-016813326A69}.Debug|Any CPU.Build.0 = Debug|Any CPU
		{8C590BF3-947B-4B1E-95B2-016813326A69}.Release|Any CPU.ActiveCfg = Release|Any CPU
		{8C590BF3-947B-4B1E-95B2-016813326A69}.Release|Any CPU.Build.0 = Release|Any CPU
		{B35609A0-DF11-427A-B9B6-EC78B1E6D8CF}.Debug|Any CPU.ActiveCfg = Debug|Any CPU
		{B35609A0-DF11-427A-B9B6-EC78B1E6D8CF}.Debug|Any CPU.Build.0 = Debug|Any CPU
		{B35609A0-DF11-427A-B9B6-EC78B1E6D8CF}.Release|Any CPU.ActiveCfg = Release|Any CPU
		{B35609A0-DF11-427A-B9B6-EC78B1E6D8CF}.Release|Any CPU.Build.0 = Release|Any CPU
		{5A00017D-DE46-4232-9B84-28D2B34E235C}.Debug|Any CPU.ActiveCfg = Debug|Any CPU
		{5A00017D-DE46-4232-9B84-28D2B34E235C}.Debug|Any CPU.Build.0 = Debug|Any CPU
		{5A00017D-DE46-4232-9B84-28D2B34E235C}.Release|Any CPU.ActiveCfg = Release|Any CPU
		{5A00017D-DE46-4232-9B84-28D2B34E235C}.Release|Any CPU.Build.0 = Release|Any CPU
		{4A0127F8-104A-4466-BE67-C9B2D2CF35B7}.Debug|Any CPU.ActiveCfg = Debug|Any CPU
		{4A0127F8-104A-4466-BE67-C9B2D2CF35B7}.Debug|Any CPU.Build.0 = Debug|Any CPU
		{4A0127F8-104A-4466-BE67-C9B2D2CF35B7}.Release|Any CPU.ActiveCfg = Release|Any CPU
		{4A0127F8-104A-4466-BE67-C9B2D2CF35B7}.Release|Any CPU.Build.0 = Release|Any CPU
		{93374E24-BA04-482D-9280-6B84AA21910A}.Debug|Any CPU.ActiveCfg = Debug|Any CPU
		{93374E24-BA04-482D-9280-6B84AA21910A}.Debug|Any CPU.Build.0 = Debug|Any CPU
		{93374E24-BA04-482D-9280-6B84AA21910A}.Release|Any CPU.ActiveCfg = Release|Any CPU
		{93374E24-BA04-482D-9280-6B84AA21910A}.Release|Any CPU.Build.0 = Release|Any CPU
		{DE16EBF8-8575-4771-8609-9FD1CCD53024}.Debug|Any CPU.ActiveCfg = Debug|Any CPU
		{DE16EBF8-8575-4771-8609-9FD1CCD53024}.Debug|Any CPU.Build.0 = Debug|Any CPU
		{DE16EBF8-8575-4771-8609-9FD1CCD53024}.Release|Any CPU.ActiveCfg = Release|Any CPU
		{DE16EBF8-8575-4771-8609-9FD1CCD53024}.Release|Any CPU.Build.0 = Release|Any CPU
	EndGlobalSection
	GlobalSection(SolutionProperties) = preSolution
		HideSolutionNode = FALSE
	EndGlobalSection
	GlobalSection(ExtensibilityGlobals) = postSolution
		SolutionGuid = {7A75C60B-78C0-4214-AB71-CAA772FD81CB}
	EndGlobalSection
EndGlobal
